// !$*UTF8*$!
{
	archiveVersion = 1;
	classes = {
	};
	objectVersion = 46;
	objects = {

/* Begin PBXBuildFile section */
		1BE8553F1D6C703500BEAE45 /* AppDelegate.swift in Sources */ = {isa = PBXBuildFile; fileRef = 1BE8553E1D6C703500BEAE45 /* AppDelegate.swift */; };
		1BE855411D6C703500BEAE45 /* ViewController.swift in Sources */ = {isa = PBXBuildFile; fileRef = 1BE855401D6C703500BEAE45 /* ViewController.swift */; };
		1BE855441D6C703500BEAE45 /* Main.storyboard in Resources */ = {isa = PBXBuildFile; fileRef = 1BE855421D6C703500BEAE45 /* Main.storyboard */; };
		1BE855471D6C703500BEAE45 /* LexmarkHub.xcdatamodeld in Sources */ = {isa = PBXBuildFile; fileRef = 1BE855451D6C703500BEAE45 /* LexmarkHub.xcdatamodeld */; };
		1BE855491D6C703500BEAE45 /* Assets.xcassets in Resources */ = {isa = PBXBuildFile; fileRef = 1BE855481D6C703500BEAE45 /* Assets.xcassets */; };
		1BE8554C1D6C703500BEAE45 /* LaunchScreen.storyboard in Resources */ = {isa = PBXBuildFile; fileRef = 1BE8554A1D6C703500BEAE45 /* LaunchScreen.storyboard */; };
		1BE855571D6C703500BEAE45 /* LexmarkHubTests.swift in Sources */ = {isa = PBXBuildFile; fileRef = 1BE855561D6C703500BEAE45 /* LexmarkHubTests.swift */; };
		1BE855621D6C703500BEAE45 /* LexmarkHubUITests.swift in Sources */ = {isa = PBXBuildFile; fileRef = 1BE855611D6C703500BEAE45 /* LexmarkHubUITests.swift */; };
		1BE855961D6C729A00BEAE45 /* Leave.swift in Sources */ = {isa = PBXBuildFile; fileRef = 1BE855841D6C729A00BEAE45 /* Leave.swift */; };
		1BE855971D6C729A00BEAE45 /* LeaveRequest.swift in Sources */ = {isa = PBXBuildFile; fileRef = 1BE855851D6C729A00BEAE45 /* LeaveRequest.swift */; };
		1BE855981D6C729A00BEAE45 /* LHCallBacks.swift in Sources */ = {isa = PBXBuildFile; fileRef = 1BE855901D6C729A00BEAE45 /* LHCallBacks.swift */; };
		2422BFCCFF441991780B1E14 /* Pods_LexmarkHubTests.framework in Frameworks */ = {isa = PBXBuildFile; fileRef = 374CE452A1EC4C0C6D9046AE /* Pods_LexmarkHubTests.framework */; };
		41AFAADF1D813288009EB7CC /* LoginService.swift in Sources */ = {isa = PBXBuildFile; fileRef = 41AFAADE1D813288009EB7CC /* LoginService.swift */; };
		41B0A7621D76DD9500577998 /* AppConstants.swift in Sources */ = {isa = PBXBuildFile; fileRef = 41B0A7611D76DD9500577998 /* AppConstants.swift */; };
		41B0A7641D76DDC900577998 /* OAuthManager.swift in Sources */ = {isa = PBXBuildFile; fileRef = 41B0A7631D76DDC900577998 /* OAuthManager.swift */; };
		AE49F79A1D992920000D3AA0 /* Reporter.swift in Sources */ = {isa = PBXBuildFile; fileRef = AE49F7991D992920000D3AA0 /* Reporter.swift */; };
		AE49F79C1D992937000D3AA0 /* ReportiesCell.swift in Sources */ = {isa = PBXBuildFile; fileRef = AE49F79B1D992937000D3AA0 /* ReportiesCell.swift */; };
		AE49F7A01D99297D000D3AA0 /* ReportiesViewController.swift in Sources */ = {isa = PBXBuildFile; fileRef = AE49F79F1D99297D000D3AA0 /* ReportiesViewController.swift */; };
		AE49F7A41D992A08000D3AA0 /* Popups.swift in Sources */ = {isa = PBXBuildFile; fileRef = AE49F7A31D992A08000D3AA0 /* Popups.swift */; };
		AE49F7A71D992A27000D3AA0 /* BaseServiceFactory.swift in Sources */ = {isa = PBXBuildFile; fileRef = AE49F7A51D992A27000D3AA0 /* BaseServiceFactory.swift */; };
		AE49F7A81D992A27000D3AA0 /* LMSServiceFactory.swift in Sources */ = {isa = PBXBuildFile; fileRef = AE49F7A61D992A27000D3AA0 /* LMSServiceFactory.swift */; };
		AE49F7AB1D992A56000D3AA0 /* LMSThreading.swift in Sources */ = {isa = PBXBuildFile; fileRef = AE49F7AA1D992A56000D3AA0 /* LMSThreading.swift */; };
		AE923B751D74008D00237D23 /* Reachability.swift in Sources */ = {isa = PBXBuildFile; fileRef = AE923B741D74008D00237D23 /* Reachability.swift */; };
		AE923B771D7400AB00237D23 /* Loader.swift in Sources */ = {isa = PBXBuildFile; fileRef = AE923B761D7400AB00237D23 /* Loader.swift */; };
		AE955A5A1D75437300DA8849 /* Employee.swift in Sources */ = {isa = PBXBuildFile; fileRef = AE955A591D75437300DA8849 /* Employee.swift */; };
		AE955A5C1D75450C00DA8849 /* PendingRequestViewController.swift in Sources */ = {isa = PBXBuildFile; fileRef = AE955A5B1D75450C00DA8849 /* PendingRequestViewController.swift */; };
		AE955A5E1D75453800DA8849 /* LeaveHistoryViewController.swift in Sources */ = {isa = PBXBuildFile; fileRef = AE955A5D1D75453800DA8849 /* LeaveHistoryViewController.swift */; };
		AE955A601D75456B00DA8849 /* DashboardViewController.swift in Sources */ = {isa = PBXBuildFile; fileRef = AE955A5F1D75456B00DA8849 /* DashboardViewController.swift */; };
		AE955A621D75458F00DA8849 /* LoginViewController.swift in Sources */ = {isa = PBXBuildFile; fileRef = AE955A611D75458F00DA8849 /* LoginViewController.swift */; };
		AE955A641D7545AA00DA8849 /* ApplyLeaveViewController.swift in Sources */ = {isa = PBXBuildFile; fileRef = AE955A631D7545AA00DA8849 /* ApplyLeaveViewController.swift */; };
		AE955A661D754DB800DA8849 /* AppUtilities.swift in Sources */ = {isa = PBXBuildFile; fileRef = AE955A651D754DB800DA8849 /* AppUtilities.swift */; };
		AE955A681D7555B900DA8849 /* LeaveHistoryCell.swift in Sources */ = {isa = PBXBuildFile; fileRef = AE955A671D7555B900DA8849 /* LeaveHistoryCell.swift */; };
		AE955A6A1D7555D100DA8849 /* PendingRequestsCell.swift in Sources */ = {isa = PBXBuildFile; fileRef = AE955A691D7555D100DA8849 /* PendingRequestsCell.swift */; };
		AE955A6C1D75615700DA8849 /* PendingRequestDetailsViewController.swift in Sources */ = {isa = PBXBuildFile; fileRef = AE955A6B1D75615700DA8849 /* PendingRequestDetailsViewController.swift */; };
		AE955A6E1D75617500DA8849 /* LeaveDetailsViewController.swift in Sources */ = {isa = PBXBuildFile; fileRef = AE955A6D1D75617500DA8849 /* LeaveDetailsViewController.swift */; };
		AEE9F0DB1D9975C800DD1752 /* DatePickerDialog.swift in Sources */ = {isa = PBXBuildFile; fileRef = AEE9F0DA1D9975C800DD1752 /* DatePickerDialog.swift */; };
		BB3B2E415F157E4533B8D6AF /* Pods_LexmarkHubUITests.framework in Frameworks */ = {isa = PBXBuildFile; fileRef = 3535017D056CD00D2D212BF9 /* Pods_LexmarkHubUITests.framework */; };
		C6F541101D7E9A9600A48776 /* ApplyLeaveCell.swift in Sources */ = {isa = PBXBuildFile; fileRef = C6F5410F1D7E9A9600A48776 /* ApplyLeaveCell.swift */; };
		C6F541141D7E9FC600A48776 /* Calender.png in Resources */ = {isa = PBXBuildFile; fileRef = C6F541131D7E9FC600A48776 /* Calender.png */; };
		CA314C49B2F7A5210C0FD433 /* Pods_LexmarkHub.framework in Frameworks */ = {isa = PBXBuildFile; fileRef = 1A13F641B2771F745C24E15C /* Pods_LexmarkHub.framework */; };
/* End PBXBuildFile section */

/* Begin PBXContainerItemProxy section */
		1BE855531D6C703500BEAE45 /* PBXContainerItemProxy */ = {
			isa = PBXContainerItemProxy;
			containerPortal = 1BE855331D6C703400BEAE45 /* Project object */;
			proxyType = 1;
			remoteGlobalIDString = 1BE8553A1D6C703400BEAE45;
			remoteInfo = LexmarkHub;
		};
		1BE8555E1D6C703500BEAE45 /* PBXContainerItemProxy */ = {
			isa = PBXContainerItemProxy;
			containerPortal = 1BE855331D6C703400BEAE45 /* Project object */;
			proxyType = 1;
			remoteGlobalIDString = 1BE8553A1D6C703400BEAE45;
			remoteInfo = LexmarkHub;
		};
/* End PBXContainerItemProxy section */

/* Begin PBXFileReference section */
		1A13F641B2771F745C24E15C /* Pods_LexmarkHub.framework */ = {isa = PBXFileReference; explicitFileType = wrapper.framework; includeInIndex = 0; path = Pods_LexmarkHub.framework; sourceTree = BUILT_PRODUCTS_DIR; };
		1BE8553B1D6C703400BEAE45 /* LexmarkHub.app */ = {isa = PBXFileReference; explicitFileType = wrapper.application; includeInIndex = 0; path = LexmarkHub.app; sourceTree = BUILT_PRODUCTS_DIR; };
		1BE8553E1D6C703500BEAE45 /* AppDelegate.swift */ = {isa = PBXFileReference; lastKnownFileType = sourcecode.swift; path = AppDelegate.swift; sourceTree = "<group>"; };
		1BE855401D6C703500BEAE45 /* ViewController.swift */ = {isa = PBXFileReference; lastKnownFileType = sourcecode.swift; path = ViewController.swift; sourceTree = "<group>"; };
		1BE855431D6C703500BEAE45 /* Base */ = {isa = PBXFileReference; lastKnownFileType = file.storyboard; name = Base; path = Base.lproj/Main.storyboard; sourceTree = "<group>"; };
		1BE855461D6C703500BEAE45 /* LexmarkHub.xcdatamodel */ = {isa = PBXFileReference; lastKnownFileType = wrapper.xcdatamodel; path = LexmarkHub.xcdatamodel; sourceTree = "<group>"; };
		1BE855481D6C703500BEAE45 /* Assets.xcassets */ = {isa = PBXFileReference; lastKnownFileType = folder.assetcatalog; path = Assets.xcassets; sourceTree = "<group>"; };
		1BE8554B1D6C703500BEAE45 /* Base */ = {isa = PBXFileReference; lastKnownFileType = file.storyboard; name = Base; path = Base.lproj/LaunchScreen.storyboard; sourceTree = "<group>"; };
		1BE8554D1D6C703500BEAE45 /* Info.plist */ = {isa = PBXFileReference; lastKnownFileType = text.plist.xml; path = Info.plist; sourceTree = "<group>"; };
		1BE855521D6C703500BEAE45 /* LexmarkHubTests.xctest */ = {isa = PBXFileReference; explicitFileType = wrapper.cfbundle; includeInIndex = 0; path = LexmarkHubTests.xctest; sourceTree = BUILT_PRODUCTS_DIR; };
		1BE855561D6C703500BEAE45 /* LexmarkHubTests.swift */ = {isa = PBXFileReference; lastKnownFileType = sourcecode.swift; path = LexmarkHubTests.swift; sourceTree = "<group>"; };
		1BE855581D6C703500BEAE45 /* Info.plist */ = {isa = PBXFileReference; lastKnownFileType = text.plist.xml; path = Info.plist; sourceTree = "<group>"; };
		1BE8555D1D6C703500BEAE45 /* LexmarkHubUITests.xctest */ = {isa = PBXFileReference; explicitFileType = wrapper.cfbundle; includeInIndex = 0; path = LexmarkHubUITests.xctest; sourceTree = BUILT_PRODUCTS_DIR; };
		1BE855611D6C703500BEAE45 /* LexmarkHubUITests.swift */ = {isa = PBXFileReference; lastKnownFileType = sourcecode.swift; path = LexmarkHubUITests.swift; sourceTree = "<group>"; };
		1BE855631D6C703500BEAE45 /* Info.plist */ = {isa = PBXFileReference; lastKnownFileType = text.plist.xml; path = Info.plist; sourceTree = "<group>"; };
		1BE855841D6C729A00BEAE45 /* Leave.swift */ = {isa = PBXFileReference; fileEncoding = 4; lastKnownFileType = sourcecode.swift; path = Leave.swift; sourceTree = "<group>"; };
		1BE855851D6C729A00BEAE45 /* LeaveRequest.swift */ = {isa = PBXFileReference; fileEncoding = 4; lastKnownFileType = sourcecode.swift; path = LeaveRequest.swift; sourceTree = "<group>"; };
		1BE855901D6C729A00BEAE45 /* LHCallBacks.swift */ = {isa = PBXFileReference; fileEncoding = 4; lastKnownFileType = sourcecode.swift; path = LHCallBacks.swift; sourceTree = "<group>"; };
		3535017D056CD00D2D212BF9 /* Pods_LexmarkHubUITests.framework */ = {isa = PBXFileReference; explicitFileType = wrapper.framework; includeInIndex = 0; path = Pods_LexmarkHubUITests.framework; sourceTree = BUILT_PRODUCTS_DIR; };
		374CE452A1EC4C0C6D9046AE /* Pods_LexmarkHubTests.framework */ = {isa = PBXFileReference; explicitFileType = wrapper.framework; includeInIndex = 0; path = Pods_LexmarkHubTests.framework; sourceTree = BUILT_PRODUCTS_DIR; };
		3CDDACF7080A8B0B729520D4 /* Pods-LexmarkHubUITests.release.xcconfig */ = {isa = PBXFileReference; includeInIndex = 1; lastKnownFileType = text.xcconfig; name = "Pods-LexmarkHubUITests.release.xcconfig"; path = "Pods/Target Support Files/Pods-LexmarkHubUITests/Pods-LexmarkHubUITests.release.xcconfig"; sourceTree = "<group>"; };
		41AFAADE1D813288009EB7CC /* LoginService.swift */ = {isa = PBXFileReference; fileEncoding = 4; lastKnownFileType = sourcecode.swift; path = LoginService.swift; sourceTree = "<group>"; };
		41B0A7611D76DD9500577998 /* AppConstants.swift */ = {isa = PBXFileReference; fileEncoding = 4; lastKnownFileType = sourcecode.swift; path = AppConstants.swift; sourceTree = "<group>"; };
		41B0A7631D76DDC900577998 /* OAuthManager.swift */ = {isa = PBXFileReference; fileEncoding = 4; lastKnownFileType = sourcecode.swift; path = OAuthManager.swift; sourceTree = "<group>"; };
		586848E8E6D2FB7A7525C535 /* Pods-LexmarkHubUITests.debug.xcconfig */ = {isa = PBXFileReference; includeInIndex = 1; lastKnownFileType = text.xcconfig; name = "Pods-LexmarkHubUITests.debug.xcconfig"; path = "Pods/Target Support Files/Pods-LexmarkHubUITests/Pods-LexmarkHubUITests.debug.xcconfig"; sourceTree = "<group>"; };
		70AD746EE54A47FB18C2A87F /* Pods-LexmarkHubTests.release.xcconfig */ = {isa = PBXFileReference; includeInIndex = 1; lastKnownFileType = text.xcconfig; name = "Pods-LexmarkHubTests.release.xcconfig"; path = "Pods/Target Support Files/Pods-LexmarkHubTests/Pods-LexmarkHubTests.release.xcconfig"; sourceTree = "<group>"; };
		8A2BBF62A89793EB643AF1E9 /* Pods-LexmarkHub.release.xcconfig */ = {isa = PBXFileReference; includeInIndex = 1; lastKnownFileType = text.xcconfig; name = "Pods-LexmarkHub.release.xcconfig"; path = "Pods/Target Support Files/Pods-LexmarkHub/Pods-LexmarkHub.release.xcconfig"; sourceTree = "<group>"; };
		AE49F7991D992920000D3AA0 /* Reporter.swift */ = {isa = PBXFileReference; fileEncoding = 4; lastKnownFileType = sourcecode.swift; path = Reporter.swift; sourceTree = "<group>"; };
		AE49F79B1D992937000D3AA0 /* ReportiesCell.swift */ = {isa = PBXFileReference; fileEncoding = 4; lastKnownFileType = sourcecode.swift; path = ReportiesCell.swift; sourceTree = "<group>"; };
		AE49F79F1D99297D000D3AA0 /* ReportiesViewController.swift */ = {isa = PBXFileReference; fileEncoding = 4; lastKnownFileType = sourcecode.swift; name = ReportiesViewController.swift; path = LexmarkHub/PresentationLayer/Dashboard/ReportiesViewController.swift; sourceTree = SOURCE_ROOT; };
		AE49F7A31D992A08000D3AA0 /* Popups.swift */ = {isa = PBXFileReference; fileEncoding = 4; lastKnownFileType = sourcecode.swift; path = Popups.swift; sourceTree = "<group>"; };
		AE49F7A51D992A27000D3AA0 /* BaseServiceFactory.swift */ = {isa = PBXFileReference; fileEncoding = 4; lastKnownFileType = sourcecode.swift; path = BaseServiceFactory.swift; sourceTree = "<group>"; };
		AE49F7A61D992A27000D3AA0 /* LMSServiceFactory.swift */ = {isa = PBXFileReference; fileEncoding = 4; lastKnownFileType = sourcecode.swift; path = LMSServiceFactory.swift; sourceTree = "<group>"; };
		AE49F7AA1D992A56000D3AA0 /* LMSThreading.swift */ = {isa = PBXFileReference; fileEncoding = 4; lastKnownFileType = sourcecode.swift; path = LMSThreading.swift; sourceTree = "<group>"; };
		AE923B741D74008D00237D23 /* Reachability.swift */ = {isa = PBXFileReference; fileEncoding = 4; lastKnownFileType = sourcecode.swift; path = Reachability.swift; sourceTree = "<group>"; };
		AE923B761D7400AB00237D23 /* Loader.swift */ = {isa = PBXFileReference; fileEncoding = 4; lastKnownFileType = sourcecode.swift; path = Loader.swift; sourceTree = "<group>"; };
		AE955A591D75437300DA8849 /* Employee.swift */ = {isa = PBXFileReference; fileEncoding = 4; lastKnownFileType = sourcecode.swift; path = Employee.swift; sourceTree = "<group>"; };
		AE955A5B1D75450C00DA8849 /* PendingRequestViewController.swift */ = {isa = PBXFileReference; fileEncoding = 4; lastKnownFileType = sourcecode.swift; name = PendingRequestViewController.swift; path = "LexmarkHub/PresentationLayer/Pending Requests/PendingRequestViewController.swift"; sourceTree = SOURCE_ROOT; };
		AE955A5D1D75453800DA8849 /* LeaveHistoryViewController.swift */ = {isa = PBXFileReference; fileEncoding = 4; lastKnownFileType = sourcecode.swift; name = LeaveHistoryViewController.swift; path = "LexmarkHub/PresentationLayer/Leave History/LeaveHistoryViewController.swift"; sourceTree = SOURCE_ROOT; };
		AE955A5F1D75456B00DA8849 /* DashboardViewController.swift */ = {isa = PBXFileReference; fileEncoding = 4; lastKnownFileType = sourcecode.swift; name = DashboardViewController.swift; path = LexmarkHub/PresentationLayer/Dashboard/DashboardViewController.swift; sourceTree = SOURCE_ROOT; };
		AE955A611D75458F00DA8849 /* LoginViewController.swift */ = {isa = PBXFileReference; fileEncoding = 4; lastKnownFileType = sourcecode.swift; name = LoginViewController.swift; path = LexmarkHub/PresentationLayer/Login/LoginViewController.swift; sourceTree = SOURCE_ROOT; };
		AE955A631D7545AA00DA8849 /* ApplyLeaveViewController.swift */ = {isa = PBXFileReference; fileEncoding = 4; lastKnownFileType = sourcecode.swift; name = ApplyLeaveViewController.swift; path = LexmarkHub/PresentationLayer/Leaves/ApplyLeaveViewController.swift; sourceTree = SOURCE_ROOT; };
		AE955A651D754DB800DA8849 /* AppUtilities.swift */ = {isa = PBXFileReference; fileEncoding = 4; lastKnownFileType = sourcecode.swift; path = AppUtilities.swift; sourceTree = "<group>"; };
		AE955A671D7555B900DA8849 /* LeaveHistoryCell.swift */ = {isa = PBXFileReference; fileEncoding = 4; lastKnownFileType = sourcecode.swift; path = LeaveHistoryCell.swift; sourceTree = "<group>"; };
		AE955A691D7555D100DA8849 /* PendingRequestsCell.swift */ = {isa = PBXFileReference; fileEncoding = 4; lastKnownFileType = sourcecode.swift; path = PendingRequestsCell.swift; sourceTree = "<group>"; };
		AE955A6B1D75615700DA8849 /* PendingRequestDetailsViewController.swift */ = {isa = PBXFileReference; fileEncoding = 4; lastKnownFileType = sourcecode.swift; name = PendingRequestDetailsViewController.swift; path = "LexmarkHub/PresentationLayer/Pending Requests/PendingRequestDetailsViewController.swift"; sourceTree = SOURCE_ROOT; };
		AE955A6D1D75617500DA8849 /* LeaveDetailsViewController.swift */ = {isa = PBXFileReference; fileEncoding = 4; lastKnownFileType = sourcecode.swift; name = LeaveDetailsViewController.swift; path = "LexmarkHub/PresentationLayer/Leave History/LeaveDetailsViewController.swift"; sourceTree = SOURCE_ROOT; };
		AEE9F0DA1D9975C800DD1752 /* DatePickerDialog.swift */ = {isa = PBXFileReference; fileEncoding = 4; lastKnownFileType = sourcecode.swift; path = DatePickerDialog.swift; sourceTree = "<group>"; };
		B27CAE5472134FBA60CCE0D3 /* Pods-LexmarkHub.debug.xcconfig */ = {isa = PBXFileReference; includeInIndex = 1; lastKnownFileType = text.xcconfig; name = "Pods-LexmarkHub.debug.xcconfig"; path = "Pods/Target Support Files/Pods-LexmarkHub/Pods-LexmarkHub.debug.xcconfig"; sourceTree = "<group>"; };
		C6F5410F1D7E9A9600A48776 /* ApplyLeaveCell.swift */ = {isa = PBXFileReference; fileEncoding = 4; lastKnownFileType = sourcecode.swift; path = ApplyLeaveCell.swift; sourceTree = "<group>"; };
		C6F541131D7E9FC600A48776 /* Calender.png */ = {isa = PBXFileReference; lastKnownFileType = image.png; path = Calender.png; sourceTree = "<group>"; };
		C8770A988FEF18E3EDD1333C /* Pods-LexmarkHubTests.debug.xcconfig */ = {isa = PBXFileReference; includeInIndex = 1; lastKnownFileType = text.xcconfig; name = "Pods-LexmarkHubTests.debug.xcconfig"; path = "Pods/Target Support Files/Pods-LexmarkHubTests/Pods-LexmarkHubTests.debug.xcconfig"; sourceTree = "<group>"; };
/* End PBXFileReference section */

/* Begin PBXFrameworksBuildPhase section */
		1BE855381D6C703400BEAE45 /* Frameworks */ = {
			isa = PBXFrameworksBuildPhase;
			buildActionMask = 2147483647;
			files = (
				CA314C49B2F7A5210C0FD433 /* Pods_LexmarkHub.framework in Frameworks */,
			);
			runOnlyForDeploymentPostprocessing = 0;
		};
		1BE8554F1D6C703500BEAE45 /* Frameworks */ = {
			isa = PBXFrameworksBuildPhase;
			buildActionMask = 2147483647;
			files = (
				2422BFCCFF441991780B1E14 /* Pods_LexmarkHubTests.framework in Frameworks */,
			);
			runOnlyForDeploymentPostprocessing = 0;
		};
		1BE8555A1D6C703500BEAE45 /* Frameworks */ = {
			isa = PBXFrameworksBuildPhase;
			buildActionMask = 2147483647;
			files = (
				BB3B2E415F157E4533B8D6AF /* Pods_LexmarkHubUITests.framework in Frameworks */,
			);
			runOnlyForDeploymentPostprocessing = 0;
		};
/* End PBXFrameworksBuildPhase section */

/* Begin PBXGroup section */
		172FAEAFC377CE844A4072FB /* Pods */ = {
			isa = PBXGroup;
			children = (
				B27CAE5472134FBA60CCE0D3 /* Pods-LexmarkHub.debug.xcconfig */,
				8A2BBF62A89793EB643AF1E9 /* Pods-LexmarkHub.release.xcconfig */,
				C8770A988FEF18E3EDD1333C /* Pods-LexmarkHubTests.debug.xcconfig */,
				70AD746EE54A47FB18C2A87F /* Pods-LexmarkHubTests.release.xcconfig */,
				586848E8E6D2FB7A7525C535 /* Pods-LexmarkHubUITests.debug.xcconfig */,
				3CDDACF7080A8B0B729520D4 /* Pods-LexmarkHubUITests.release.xcconfig */,
			);
			name = Pods;
			sourceTree = "<group>";
		};
		1BE855321D6C703400BEAE45 = {
			isa = PBXGroup;
			children = (
				1BE8553D1D6C703500BEAE45 /* LexmarkHub */,
				1BE855551D6C703500BEAE45 /* LexmarkHubTests */,
				1BE855601D6C703500BEAE45 /* LexmarkHubUITests */,
				1BE8553C1D6C703400BEAE45 /* Products */,
				172FAEAFC377CE844A4072FB /* Pods */,
				9DC5EAA3A8C3131DB8FFDE6E /* Frameworks */,
			);
			sourceTree = "<group>";
		};
		1BE8553C1D6C703400BEAE45 /* Products */ = {
			isa = PBXGroup;
			children = (
				1BE8553B1D6C703400BEAE45 /* LexmarkHub.app */,
				1BE855521D6C703500BEAE45 /* LexmarkHubTests.xctest */,
				1BE8555D1D6C703500BEAE45 /* LexmarkHubUITests.xctest */,
			);
			name = Products;
			sourceTree = "<group>";
		};
		1BE8553D1D6C703500BEAE45 /* LexmarkHub */ = {
			isa = PBXGroup;
			children = (
				41AFAADD1D813288009EB7CC /* ServiceLayer */,
				C6F541111D7E9FC600A48776 /* Resources */,
				1BE8557E1D6C729A00BEAE45 /* ExternalLibraries */,
				1BE8557F1D6C729A00BEAE45 /* Managers */,
				1BE855821D6C729A00BEAE45 /* Models */,
				1BE855861D6C729A00BEAE45 /* PresentationLayer */,
				1BE8558D1D6C729A00BEAE45 /* Utilities */,
				1BE8553E1D6C703500BEAE45 /* AppDelegate.swift */,
				1BE855401D6C703500BEAE45 /* ViewController.swift */,
				1BE855421D6C703500BEAE45 /* Main.storyboard */,
				1BE855481D6C703500BEAE45 /* Assets.xcassets */,
				1BE8554A1D6C703500BEAE45 /* LaunchScreen.storyboard */,
				1BE8554D1D6C703500BEAE45 /* Info.plist */,
				1BE855451D6C703500BEAE45 /* LexmarkHub.xcdatamodeld */,
				41B0A7611D76DD9500577998 /* AppConstants.swift */,
			);
			path = LexmarkHub;
			sourceTree = "<group>";
		};
		1BE855551D6C703500BEAE45 /* LexmarkHubTests */ = {
			isa = PBXGroup;
			children = (
				1BE855561D6C703500BEAE45 /* LexmarkHubTests.swift */,
				1BE855581D6C703500BEAE45 /* Info.plist */,
			);
			path = LexmarkHubTests;
			sourceTree = "<group>";
		};
		1BE855601D6C703500BEAE45 /* LexmarkHubUITests */ = {
			isa = PBXGroup;
			children = (
				1BE855611D6C703500BEAE45 /* LexmarkHubUITests.swift */,
				1BE855631D6C703500BEAE45 /* Info.plist */,
			);
			path = LexmarkHubUITests;
			sourceTree = "<group>";
		};
		1BE8557E1D6C729A00BEAE45 /* ExternalLibraries */ = {
			isa = PBXGroup;
			children = (
				AE923B741D74008D00237D23 /* Reachability.swift */,
				AE923B761D7400AB00237D23 /* Loader.swift */,
				AEE9F0DA1D9975C800DD1752 /* DatePickerDialog.swift */,
			);
			path = ExternalLibraries;
			sourceTree = "<group>";
		};
		1BE8557F1D6C729A00BEAE45 /* Managers */ = {
			isa = PBXGroup;
			children = (
				41B0A7631D76DDC900577998 /* OAuthManager.swift */,
			);
			path = Managers;
			sourceTree = "<group>";
		};
		1BE855821D6C729A00BEAE45 /* Models */ = {
			isa = PBXGroup;
			children = (
				1BE855831D6C729A00BEAE45 /* AppModels */,
			);
			path = Models;
			sourceTree = "<group>";
		};
		1BE855831D6C729A00BEAE45 /* AppModels */ = {
			isa = PBXGroup;
			children = (
				AE49F7991D992920000D3AA0 /* Reporter.swift */,
				1BE855841D6C729A00BEAE45 /* Leave.swift */,
				1BE855851D6C729A00BEAE45 /* LeaveRequest.swift */,
				AE955A591D75437300DA8849 /* Employee.swift */,
			);
			path = AppModels;
			sourceTree = "<group>";
		};
		1BE855861D6C729A00BEAE45 /* PresentationLayer */ = {
			isa = PBXGroup;
			children = (
				AE49F7A11D992A08000D3AA0 /* Views */,
				1BE855871D6C729A00BEAE45 /* CustomCells */,
				1BE855881D6C729A00BEAE45 /* ViewControllers */,
			);
			path = PresentationLayer;
			sourceTree = "<group>";
		};
		1BE855871D6C729A00BEAE45 /* CustomCells */ = {
			isa = PBXGroup;
			children = (
				AE49F79B1D992937000D3AA0 /* ReportiesCell.swift */,
				C6F5410F1D7E9A9600A48776 /* ApplyLeaveCell.swift */,
				AE955A671D7555B900DA8849 /* LeaveHistoryCell.swift */,
				AE955A691D7555D100DA8849 /* PendingRequestsCell.swift */,
			);
			path = CustomCells;
			sourceTree = "<group>";
		};
		1BE855881D6C729A00BEAE45 /* ViewControllers */ = {
			isa = PBXGroup;
			children = (
				AE8D42DA1D70189B00CB9EE2 /* Pending Requests */,
				AE8D42D91D70189200CB9EE2 /* Leave History */,
				1BE855891D6C729A00BEAE45 /* Dashboard */,
				1BE8558A1D6C729A00BEAE45 /* Leaves */,
				1BE8558B1D6C729A00BEAE45 /* Login */,
			);
			path = ViewControllers;
			sourceTree = "<group>";
		};
		1BE855891D6C729A00BEAE45 /* Dashboard */ = {
			isa = PBXGroup;
			children = (
				AE49F79F1D99297D000D3AA0 /* ReportiesViewController.swift */,
				AE955A5F1D75456B00DA8849 /* DashboardViewController.swift */,
			);
			path = Dashboard;
			sourceTree = "<group>";
		};
		1BE8558A1D6C729A00BEAE45 /* Leaves */ = {
			isa = PBXGroup;
			children = (
				AE955A631D7545AA00DA8849 /* ApplyLeaveViewController.swift */,
			);
			path = Leaves;
			sourceTree = "<group>";
		};
		1BE8558B1D6C729A00BEAE45 /* Login */ = {
			isa = PBXGroup;
			children = (
				AE955A611D75458F00DA8849 /* LoginViewController.swift */,
			);
			path = Login;
			sourceTree = "<group>";
		};
		1BE8558D1D6C729A00BEAE45 /* Utilities */ = {
			isa = PBXGroup;
			children = (
				AE49F7A91D992A56000D3AA0 /* Threading */,
				1BE8558E1D6C729A00BEAE45 /* AppUtilities */,
				1BE8558F1D6C729A00BEAE45 /* CallBacks */,
				1BE855911D6C729A00BEAE45 /* ErrorLog */,
				1BE855921D6C729A00BEAE45 /* Extensions */,
			);
			path = Utilities;
			sourceTree = "<group>";
		};
		1BE8558E1D6C729A00BEAE45 /* AppUtilities */ = {
			isa = PBXGroup;
			children = (
				AE955A651D754DB800DA8849 /* AppUtilities.swift */,
			);
			path = AppUtilities;
			sourceTree = "<group>";
		};
		1BE8558F1D6C729A00BEAE45 /* CallBacks */ = {
			isa = PBXGroup;
			children = (
				1BE855901D6C729A00BEAE45 /* LHCallBacks.swift */,
			);
			path = CallBacks;
			sourceTree = "<group>";
		};
		1BE855911D6C729A00BEAE45 /* ErrorLog */ = {
			isa = PBXGroup;
			children = (
			);
			path = ErrorLog;
			sourceTree = "<group>";
		};
		1BE855921D6C729A00BEAE45 /* Extensions */ = {
			isa = PBXGroup;
			children = (
			);
			path = Extensions;
			sourceTree = "<group>";
		};
		41AFAADD1D813288009EB7CC /* ServiceLayer */ = {
			isa = PBXGroup;
			children = (
				AE49F7A51D992A27000D3AA0 /* BaseServiceFactory.swift */,
				AE49F7A61D992A27000D3AA0 /* LMSServiceFactory.swift */,
				41AFAADE1D813288009EB7CC /* LoginService.swift */,
			);
			path = ServiceLayer;
			sourceTree = "<group>";
		};
		9DC5EAA3A8C3131DB8FFDE6E /* Frameworks */ = {
			isa = PBXGroup;
			children = (
				1A13F641B2771F745C24E15C /* Pods_LexmarkHub.framework */,
				374CE452A1EC4C0C6D9046AE /* Pods_LexmarkHubTests.framework */,
				3535017D056CD00D2D212BF9 /* Pods_LexmarkHubUITests.framework */,
			);
			name = Frameworks;
			sourceTree = "<group>";
		};
		AE49F7A11D992A08000D3AA0 /* Views */ = {
			isa = PBXGroup;
			children = (
				AE49F7A21D992A08000D3AA0 /* AlertView */,
			);
			path = Views;
			sourceTree = "<group>";
		};
		AE49F7A21D992A08000D3AA0 /* AlertView */ = {
			isa = PBXGroup;
			children = (
				AE49F7A31D992A08000D3AA0 /* Popups.swift */,
			);
			path = AlertView;
			sourceTree = "<group>";
		};
		AE49F7A91D992A56000D3AA0 /* Threading */ = {
			isa = PBXGroup;
			children = (
				AE49F7AA1D992A56000D3AA0 /* LMSThreading.swift */,
			);
			path = Threading;
			sourceTree = "<group>";
		};
		AE8D42D91D70189200CB9EE2 /* Leave History */ = {
			isa = PBXGroup;
			children = (
				AE955A5D1D75453800DA8849 /* LeaveHistoryViewController.swift */,
				AE955A6D1D75617500DA8849 /* LeaveDetailsViewController.swift */,
			);
			name = "Leave History";
			sourceTree = "<group>";
		};
		AE8D42DA1D70189B00CB9EE2 /* Pending Requests */ = {
			isa = PBXGroup;
			children = (
				AE955A5B1D75450C00DA8849 /* PendingRequestViewController.swift */,
				AE955A6B1D75615700DA8849 /* PendingRequestDetailsViewController.swift */,
			);
			name = "Pending Requests";
			sourceTree = "<group>";
		};
		C6F541111D7E9FC600A48776 /* Resources */ = {
			isa = PBXGroup;
			children = (
				C6F541121D7E9FC600A48776 /* Images */,
			);
			path = Resources;
			sourceTree = "<group>";
		};
		C6F541121D7E9FC600A48776 /* Images */ = {
			isa = PBXGroup;
			children = (
				C6F541131D7E9FC600A48776 /* Calender.png */,
			);
			path = Images;
			sourceTree = "<group>";
		};
/* End PBXGroup section */

/* Begin PBXNativeTarget section */
		1BE8553A1D6C703400BEAE45 /* LexmarkHub */ = {
			isa = PBXNativeTarget;
			buildConfigurationList = 1BE855661D6C703500BEAE45 /* Build configuration list for PBXNativeTarget "LexmarkHub" */;
			buildPhases = (
				91D01B6F5FB34578B7EFEEB1 /* [CP] Check Pods Manifest.lock */,
				1BE855371D6C703400BEAE45 /* Sources */,
				1BE855381D6C703400BEAE45 /* Frameworks */,
				1BE855391D6C703400BEAE45 /* Resources */,
				A32D9692352AFD7C58265E6D /* [CP] Embed Pods Frameworks */,
				EEC27DBDE4BCC84C0D26BB59 /* [CP] Copy Pods Resources */,
			);
			buildRules = (
			);
			dependencies = (
			);
			name = LexmarkHub;
			productName = LexmarkHub;
			productReference = 1BE8553B1D6C703400BEAE45 /* LexmarkHub.app */;
			productType = "com.apple.product-type.application";
		};
		1BE855511D6C703500BEAE45 /* LexmarkHubTests */ = {
			isa = PBXNativeTarget;
			buildConfigurationList = 1BE855691D6C703500BEAE45 /* Build configuration list for PBXNativeTarget "LexmarkHubTests" */;
			buildPhases = (
				84119077CD33A0FC28CA8B44 /* [CP] Check Pods Manifest.lock */,
				1BE8554E1D6C703500BEAE45 /* Sources */,
				1BE8554F1D6C703500BEAE45 /* Frameworks */,
				1BE855501D6C703500BEAE45 /* Resources */,
				EDAB70F76043CA2FFF1FDDD9 /* [CP] Embed Pods Frameworks */,
				A0B022DAD62B39FE333BB748 /* [CP] Copy Pods Resources */,
			);
			buildRules = (
			);
			dependencies = (
				1BE855541D6C703500BEAE45 /* PBXTargetDependency */,
			);
			name = LexmarkHubTests;
			productName = LexmarkHubTests;
			productReference = 1BE855521D6C703500BEAE45 /* LexmarkHubTests.xctest */;
			productType = "com.apple.product-type.bundle.unit-test";
		};
		1BE8555C1D6C703500BEAE45 /* LexmarkHubUITests */ = {
			isa = PBXNativeTarget;
			buildConfigurationList = 1BE8556C1D6C703500BEAE45 /* Build configuration list for PBXNativeTarget "LexmarkHubUITests" */;
			buildPhases = (
				4C57D9ED6BFC4F2135AB64B2 /* [CP] Check Pods Manifest.lock */,
				1BE855591D6C703500BEAE45 /* Sources */,
				1BE8555A1D6C703500BEAE45 /* Frameworks */,
				1BE8555B1D6C703500BEAE45 /* Resources */,
				634820E9B7289B532D8CAD34 /* [CP] Copy Pods Resources */,
			);
			buildRules = (
			);
			dependencies = (
				1BE8555F1D6C703500BEAE45 /* PBXTargetDependency */,
			);
			name = LexmarkHubUITests;
			productName = LexmarkHubUITests;
			productReference = 1BE8555D1D6C703500BEAE45 /* LexmarkHubUITests.xctest */;
			productType = "com.apple.product-type.bundle.ui-testing";
		};
/* End PBXNativeTarget section */

/* Begin PBXProject section */
		1BE855331D6C703400BEAE45 /* Project object */ = {
			isa = PBXProject;
			attributes = {
				LastSwiftUpdateCheck = 0730;
				LastUpgradeCheck = 0730;
				ORGANIZATIONNAME = kofax;
				TargetAttributes = {
					1BE8553A1D6C703400BEAE45 = {
						CreatedOnToolsVersion = 7.3.1;
					};
					1BE855511D6C703500BEAE45 = {
						CreatedOnToolsVersion = 7.3.1;
						TestTargetID = 1BE8553A1D6C703400BEAE45;
					};
					1BE8555C1D6C703500BEAE45 = {
						CreatedOnToolsVersion = 7.3.1;
						TestTargetID = 1BE8553A1D6C703400BEAE45;
					};
				};
			};
			buildConfigurationList = 1BE855361D6C703400BEAE45 /* Build configuration list for PBXProject "LexmarkHub" */;
			compatibilityVersion = "Xcode 3.2";
			developmentRegion = English;
			hasScannedForEncodings = 0;
			knownRegions = (
				en,
				Base,
			);
			mainGroup = 1BE855321D6C703400BEAE45;
			productRefGroup = 1BE8553C1D6C703400BEAE45 /* Products */;
			projectDirPath = "";
			projectRoot = "";
			targets = (
				1BE8553A1D6C703400BEAE45 /* LexmarkHub */,
				1BE855511D6C703500BEAE45 /* LexmarkHubTests */,
				1BE8555C1D6C703500BEAE45 /* LexmarkHubUITests */,
			);
		};
/* End PBXProject section */

/* Begin PBXResourcesBuildPhase section */
		1BE855391D6C703400BEAE45 /* Resources */ = {
			isa = PBXResourcesBuildPhase;
			buildActionMask = 2147483647;
			files = (
				1BE8554C1D6C703500BEAE45 /* LaunchScreen.storyboard in Resources */,
				C6F541141D7E9FC600A48776 /* Calender.png in Resources */,
				1BE855491D6C703500BEAE45 /* Assets.xcassets in Resources */,
				1BE855441D6C703500BEAE45 /* Main.storyboard in Resources */,
			);
			runOnlyForDeploymentPostprocessing = 0;
		};
		1BE855501D6C703500BEAE45 /* Resources */ = {
			isa = PBXResourcesBuildPhase;
			buildActionMask = 2147483647;
			files = (
			);
			runOnlyForDeploymentPostprocessing = 0;
		};
		1BE8555B1D6C703500BEAE45 /* Resources */ = {
			isa = PBXResourcesBuildPhase;
			buildActionMask = 2147483647;
			files = (
			);
			runOnlyForDeploymentPostprocessing = 0;
		};
/* End PBXResourcesBuildPhase section */

/* Begin PBXShellScriptBuildPhase section */
		4C57D9ED6BFC4F2135AB64B2 /* [CP] Check Pods Manifest.lock */ = {
			isa = PBXShellScriptBuildPhase;
			buildActionMask = 2147483647;
			files = (
			);
			inputPaths = (
			);
			name = "[CP] Check Pods Manifest.lock";
			outputPaths = (
			);
			runOnlyForDeploymentPostprocessing = 0;
			shellPath = /bin/sh;
			shellScript = "diff \"${PODS_ROOT}/../Podfile.lock\" \"${PODS_ROOT}/Manifest.lock\" > /dev/null\nif [[ $? != 0 ]] ; then\n    cat << EOM\nerror: The sandbox is not in sync with the Podfile.lock. Run 'pod install' or update your CocoaPods installation.\nEOM\n    exit 1\nfi\n";
			showEnvVarsInLog = 0;
		};
		634820E9B7289B532D8CAD34 /* [CP] Copy Pods Resources */ = {
			isa = PBXShellScriptBuildPhase;
			buildActionMask = 2147483647;
			files = (
			);
			inputPaths = (
			);
			name = "[CP] Copy Pods Resources";
			outputPaths = (
			);
			runOnlyForDeploymentPostprocessing = 0;
			shellPath = /bin/sh;
			shellScript = "\"${SRCROOT}/Pods/Target Support Files/Pods-LexmarkHubUITests/Pods-LexmarkHubUITests-resources.sh\"\n";
			showEnvVarsInLog = 0;
		};
		84119077CD33A0FC28CA8B44 /* [CP] Check Pods Manifest.lock */ = {
			isa = PBXShellScriptBuildPhase;
			buildActionMask = 2147483647;
			files = (
			);
			inputPaths = (
			);
			name = "[CP] Check Pods Manifest.lock";
			outputPaths = (
			);
			runOnlyForDeploymentPostprocessing = 0;
			shellPath = /bin/sh;
			shellScript = "diff \"${PODS_ROOT}/../Podfile.lock\" \"${PODS_ROOT}/Manifest.lock\" > /dev/null\nif [[ $? != 0 ]] ; then\n    cat << EOM\nerror: The sandbox is not in sync with the Podfile.lock. Run 'pod install' or update your CocoaPods installation.\nEOM\n    exit 1\nfi\n";
			showEnvVarsInLog = 0;
		};
		91D01B6F5FB34578B7EFEEB1 /* [CP] Check Pods Manifest.lock */ = {
			isa = PBXShellScriptBuildPhase;
			buildActionMask = 2147483647;
			files = (
			);
			inputPaths = (
			);
			name = "[CP] Check Pods Manifest.lock";
			outputPaths = (
			);
			runOnlyForDeploymentPostprocessing = 0;
			shellPath = /bin/sh;
			shellScript = "diff \"${PODS_ROOT}/../Podfile.lock\" \"${PODS_ROOT}/Manifest.lock\" > /dev/null\nif [[ $? != 0 ]] ; then\n    cat << EOM\nerror: The sandbox is not in sync with the Podfile.lock. Run 'pod install' or update your CocoaPods installation.\nEOM\n    exit 1\nfi\n";
			showEnvVarsInLog = 0;
		};
		A0B022DAD62B39FE333BB748 /* [CP] Copy Pods Resources */ = {
			isa = PBXShellScriptBuildPhase;
			buildActionMask = 2147483647;
			files = (
			);
			inputPaths = (
			);
			name = "[CP] Copy Pods Resources";
			outputPaths = (
			);
			runOnlyForDeploymentPostprocessing = 0;
			shellPath = /bin/sh;
			shellScript = "\"${SRCROOT}/Pods/Target Support Files/Pods-LexmarkHubTests/Pods-LexmarkHubTests-resources.sh\"\n";
			showEnvVarsInLog = 0;
		};
		A32D9692352AFD7C58265E6D /* [CP] Embed Pods Frameworks */ = {
			isa = PBXShellScriptBuildPhase;
			buildActionMask = 2147483647;
			files = (
			);
			inputPaths = (
			);
			name = "[CP] Embed Pods Frameworks";
			outputPaths = (
			);
			runOnlyForDeploymentPostprocessing = 0;
			shellPath = /bin/sh;
			shellScript = "\"${SRCROOT}/Pods/Target Support Files/Pods-LexmarkHub/Pods-LexmarkHub-frameworks.sh\"\n";
			showEnvVarsInLog = 0;
		};
		EDAB70F76043CA2FFF1FDDD9 /* [CP] Embed Pods Frameworks */ = {
			isa = PBXShellScriptBuildPhase;
			buildActionMask = 2147483647;
			files = (
			);
			inputPaths = (
			);
			name = "[CP] Embed Pods Frameworks";
			outputPaths = (
			);
			runOnlyForDeploymentPostprocessing = 0;
			shellPath = /bin/sh;
			shellScript = "\"${SRCROOT}/Pods/Target Support Files/Pods-LexmarkHubTests/Pods-LexmarkHubTests-frameworks.sh\"\n";
			showEnvVarsInLog = 0;
		};
		EEC27DBDE4BCC84C0D26BB59 /* [CP] Copy Pods Resources */ = {
			isa = PBXShellScriptBuildPhase;
			buildActionMask = 2147483647;
			files = (
			);
			inputPaths = (
			);
			name = "[CP] Copy Pods Resources";
			outputPaths = (
			);
			runOnlyForDeploymentPostprocessing = 0;
			shellPath = /bin/sh;
			shellScript = "\"${SRCROOT}/Pods/Target Support Files/Pods-LexmarkHub/Pods-LexmarkHub-resources.sh\"\n";
			showEnvVarsInLog = 0;
		};
/* End PBXShellScriptBuildPhase section */

/* Begin PBXSourcesBuildPhase section */
		1BE855371D6C703400BEAE45 /* Sources */ = {
			isa = PBXSourcesBuildPhase;
			buildActionMask = 2147483647;
			files = (
				AE955A641D7545AA00DA8849 /* ApplyLeaveViewController.swift in Sources */,
				41B0A7641D76DDC900577998 /* OAuthManager.swift in Sources */,
				1BE855981D6C729A00BEAE45 /* LHCallBacks.swift in Sources */,
				AE955A681D7555B900DA8849 /* LeaveHistoryCell.swift in Sources */,
				AE49F79A1D992920000D3AA0 /* Reporter.swift in Sources */,
				AE955A5A1D75437300DA8849 /* Employee.swift in Sources */,
				AE49F79C1D992937000D3AA0 /* ReportiesCell.swift in Sources */,
				41B0A7621D76DD9500577998 /* AppConstants.swift in Sources */,
				AE955A6C1D75615700DA8849 /* PendingRequestDetailsViewController.swift in Sources */,
				AEE9F0DB1D9975C800DD1752 /* DatePickerDialog.swift in Sources */,
				AE955A5E1D75453800DA8849 /* LeaveHistoryViewController.swift in Sources */,
				AE49F7A01D99297D000D3AA0 /* ReportiesViewController.swift in Sources */,
				1BE855961D6C729A00BEAE45 /* Leave.swift in Sources */,
				1BE855471D6C703500BEAE45 /* LexmarkHub.xcdatamodeld in Sources */,
				AE955A601D75456B00DA8849 /* DashboardViewController.swift in Sources */,
				AE955A661D754DB800DA8849 /* AppUtilities.swift in Sources */,
				1BE855411D6C703500BEAE45 /* ViewController.swift in Sources */,
				41AFAADF1D813288009EB7CC /* LoginService.swift in Sources */,
				AE49F7A81D992A27000D3AA0 /* LMSServiceFactory.swift in Sources */,
				1BE8553F1D6C703500BEAE45 /* AppDelegate.swift in Sources */,
				AE923B771D7400AB00237D23 /* Loader.swift in Sources */,
				AE955A621D75458F00DA8849 /* LoginViewController.swift in Sources */,
				AE955A5C1D75450C00DA8849 /* PendingRequestViewController.swift in Sources */,
				AE955A6A1D7555D100DA8849 /* PendingRequestsCell.swift in Sources */,
				AE49F7AB1D992A56000D3AA0 /* LMSThreading.swift in Sources */,
				C6F541101D7E9A9600A48776 /* ApplyLeaveCell.swift in Sources */,
				AE49F7A71D992A27000D3AA0 /* BaseServiceFactory.swift in Sources */,
				AE923B751D74008D00237D23 /* Reachability.swift in Sources */,
				AE955A6E1D75617500DA8849 /* LeaveDetailsViewController.swift in Sources */,
				1BE855971D6C729A00BEAE45 /* LeaveRequest.swift in Sources */,
				AE49F7A41D992A08000D3AA0 /* Popups.swift in Sources */,
			);
			runOnlyForDeploymentPostprocessing = 0;
		};
		1BE8554E1D6C703500BEAE45 /* Sources */ = {
			isa = PBXSourcesBuildPhase;
			buildActionMask = 2147483647;
			files = (
				1BE855571D6C703500BEAE45 /* LexmarkHubTests.swift in Sources */,
			);
			runOnlyForDeploymentPostprocessing = 0;
		};
		1BE855591D6C703500BEAE45 /* Sources */ = {
			isa = PBXSourcesBuildPhase;
			buildActionMask = 2147483647;
			files = (
				1BE855621D6C703500BEAE45 /* LexmarkHubUITests.swift in Sources */,
			);
			runOnlyForDeploymentPostprocessing = 0;
		};
/* End PBXSourcesBuildPhase section */

/* Begin PBXTargetDependency section */
		1BE855541D6C703500BEAE45 /* PBXTargetDependency */ = {
			isa = PBXTargetDependency;
			target = 1BE8553A1D6C703400BEAE45 /* LexmarkHub */;
			targetProxy = 1BE855531D6C703500BEAE45 /* PBXContainerItemProxy */;
		};
		1BE8555F1D6C703500BEAE45 /* PBXTargetDependency */ = {
			isa = PBXTargetDependency;
			target = 1BE8553A1D6C703400BEAE45 /* LexmarkHub */;
			targetProxy = 1BE8555E1D6C703500BEAE45 /* PBXContainerItemProxy */;
		};
/* End PBXTargetDependency section */

/* Begin PBXVariantGroup section */
		1BE855421D6C703500BEAE45 /* Main.storyboard */ = {
			isa = PBXVariantGroup;
			children = (
				1BE855431D6C703500BEAE45 /* Base */,
			);
			name = Main.storyboard;
			sourceTree = "<group>";
		};
		1BE8554A1D6C703500BEAE45 /* LaunchScreen.storyboard */ = {
			isa = PBXVariantGroup;
			children = (
				1BE8554B1D6C703500BEAE45 /* Base */,
			);
			name = LaunchScreen.storyboard;
			sourceTree = "<group>";
		};
/* End PBXVariantGroup section */

/* Begin XCBuildConfiguration section */
		1BE855641D6C703500BEAE45 /* Debug */ = {
			isa = XCBuildConfiguration;
			buildSettings = {
				ALWAYS_SEARCH_USER_PATHS = NO;
				CLANG_ANALYZER_NONNULL = YES;
				CLANG_CXX_LANGUAGE_STANDARD = "gnu++0x";
				CLANG_CXX_LIBRARY = "libc++";
				CLANG_ENABLE_MODULES = YES;
				CLANG_ENABLE_OBJC_ARC = YES;
				CLANG_WARN_BOOL_CONVERSION = YES;
				CLANG_WARN_CONSTANT_CONVERSION = YES;
				CLANG_WARN_DIRECT_OBJC_ISA_USAGE = YES_ERROR;
				CLANG_WARN_EMPTY_BODY = YES;
				CLANG_WARN_ENUM_CONVERSION = YES;
				CLANG_WARN_INT_CONVERSION = YES;
				CLANG_WARN_OBJC_ROOT_CLASS = YES_ERROR;
				CLANG_WARN_UNREACHABLE_CODE = YES;
				CLANG_WARN__DUPLICATE_METHOD_MATCH = YES;
				"CODE_SIGN_IDENTITY[sdk=iphoneos*]" = "iPhone Developer";
				COPY_PHASE_STRIP = NO;
				DEBUG_INFORMATION_FORMAT = dwarf;
				ENABLE_STRICT_OBJC_MSGSEND = YES;
				ENABLE_TESTABILITY = YES;
				GCC_C_LANGUAGE_STANDARD = gnu99;
				GCC_DYNAMIC_NO_PIC = NO;
				GCC_NO_COMMON_BLOCKS = YES;
				GCC_OPTIMIZATION_LEVEL = 0;
				GCC_PREPROCESSOR_DEFINITIONS = (
					"DEBUG=1",
					"$(inherited)",
				);
				GCC_WARN_64_TO_32_BIT_CONVERSION = YES;
				GCC_WARN_ABOUT_RETURN_TYPE = YES_ERROR;
				GCC_WARN_UNDECLARED_SELECTOR = YES;
				GCC_WARN_UNINITIALIZED_AUTOS = YES_AGGRESSIVE;
				GCC_WARN_UNUSED_FUNCTION = YES;
				GCC_WARN_UNUSED_VARIABLE = YES;
				IPHONEOS_DEPLOYMENT_TARGET = 9.3;
				MTL_ENABLE_DEBUG_INFO = YES;
				ONLY_ACTIVE_ARCH = YES;
				SDKROOT = iphoneos;
				SWIFT_OPTIMIZATION_LEVEL = "-Onone";
				TARGETED_DEVICE_FAMILY = "1,2";
			};
			name = Debug;
		};
		1BE855651D6C703500BEAE45 /* Release */ = {
			isa = XCBuildConfiguration;
			buildSettings = {
				ALWAYS_SEARCH_USER_PATHS = NO;
				CLANG_ANALYZER_NONNULL = YES;
				CLANG_CXX_LANGUAGE_STANDARD = "gnu++0x";
				CLANG_CXX_LIBRARY = "libc++";
				CLANG_ENABLE_MODULES = YES;
				CLANG_ENABLE_OBJC_ARC = YES;
				CLANG_WARN_BOOL_CONVERSION = YES;
				CLANG_WARN_CONSTANT_CONVERSION = YES;
				CLANG_WARN_DIRECT_OBJC_ISA_USAGE = YES_ERROR;
				CLANG_WARN_EMPTY_BODY = YES;
				CLANG_WARN_ENUM_CONVERSION = YES;
				CLANG_WARN_INT_CONVERSION = YES;
				CLANG_WARN_OBJC_ROOT_CLASS = YES_ERROR;
				CLANG_WARN_UNREACHABLE_CODE = YES;
				CLANG_WARN__DUPLICATE_METHOD_MATCH = YES;
				"CODE_SIGN_IDENTITY[sdk=iphoneos*]" = "iPhone Developer";
				COPY_PHASE_STRIP = NO;
				DEBUG_INFORMATION_FORMAT = "dwarf-with-dsym";
				ENABLE_NS_ASSERTIONS = NO;
				ENABLE_STRICT_OBJC_MSGSEND = YES;
				GCC_C_LANGUAGE_STANDARD = gnu99;
				GCC_NO_COMMON_BLOCKS = YES;
				GCC_WARN_64_TO_32_BIT_CONVERSION = YES;
				GCC_WARN_ABOUT_RETURN_TYPE = YES_ERROR;
				GCC_WARN_UNDECLARED_SELECTOR = YES;
				GCC_WARN_UNINITIALIZED_AUTOS = YES_AGGRESSIVE;
				GCC_WARN_UNUSED_FUNCTION = YES;
				GCC_WARN_UNUSED_VARIABLE = YES;
				IPHONEOS_DEPLOYMENT_TARGET = 9.3;
				MTL_ENABLE_DEBUG_INFO = NO;
				SDKROOT = iphoneos;
				TARGETED_DEVICE_FAMILY = "1,2";
				VALIDATE_PRODUCT = YES;
			};
			name = Release;
		};
		1BE855671D6C703500BEAE45 /* Debug */ = {
			isa = XCBuildConfiguration;
			baseConfigurationReference = B27CAE5472134FBA60CCE0D3 /* Pods-LexmarkHub.debug.xcconfig */;
			buildSettings = {
				ASSETCATALOG_COMPILER_APPICON_NAME = AppIcon;
				INFOPLIST_FILE = LexmarkHub/Info.plist;
				IPHONEOS_DEPLOYMENT_TARGET = 9.0;
				LD_RUNPATH_SEARCH_PATHS = "$(inherited) @executable_path/Frameworks";
				PRODUCT_BUNDLE_IDENTIFIER = com.kofax.LexmarkHub;
				PRODUCT_NAME = "$(TARGET_NAME)";
				TARGETED_DEVICE_FAMILY = "1,2";
			};
			name = Debug;
		};
		1BE855681D6C703500BEAE45 /* Release */ = {
			isa = XCBuildConfiguration;
			baseConfigurationReference = 8A2BBF62A89793EB643AF1E9 /* Pods-LexmarkHub.release.xcconfig */;
			buildSettings = {
				ASSETCATALOG_COMPILER_APPICON_NAME = AppIcon;
				INFOPLIST_FILE = LexmarkHub/Info.plist;
				IPHONEOS_DEPLOYMENT_TARGET = 9.0;
				LD_RUNPATH_SEARCH_PATHS = "$(inherited) @executable_path/Frameworks";
				PRODUCT_BUNDLE_IDENTIFIER = com.kofax.LexmarkHub;
				PRODUCT_NAME = "$(TARGET_NAME)";
				TARGETED_DEVICE_FAMILY = "1,2";
			};
			name = Release;
		};
		1BE8556A1D6C703500BEAE45 /* Debug */ = {
			isa = XCBuildConfiguration;
			baseConfigurationReference = C8770A988FEF18E3EDD1333C /* Pods-LexmarkHubTests.debug.xcconfig */;
			buildSettings = {
				BUNDLE_LOADER = "$(TEST_HOST)";
				INFOPLIST_FILE = LexmarkHubTests/Info.plist;
				LD_RUNPATH_SEARCH_PATHS = "$(inherited) @executable_path/Frameworks @loader_path/Frameworks";
				PRODUCT_BUNDLE_IDENTIFIER = com.kofax.LexmarkHubTests;
				PRODUCT_NAME = "$(TARGET_NAME)";
				TEST_HOST = "$(BUILT_PRODUCTS_DIR)/LexmarkHub.app/LexmarkHub";
			};
			name = Debug;
		};
		1BE8556B1D6C703500BEAE45 /* Release */ = {
			isa = XCBuildConfiguration;
			baseConfigurationReference = 70AD746EE54A47FB18C2A87F /* Pods-LexmarkHubTests.release.xcconfig */;
			buildSettings = {
				BUNDLE_LOADER = "$(TEST_HOST)";
				INFOPLIST_FILE = LexmarkHubTests/Info.plist;
				LD_RUNPATH_SEARCH_PATHS = "$(inherited) @executable_path/Frameworks @loader_path/Frameworks";
				PRODUCT_BUNDLE_IDENTIFIER = com.kofax.LexmarkHubTests;
				PRODUCT_NAME = "$(TARGET_NAME)";
				TEST_HOST = "$(BUILT_PRODUCTS_DIR)/LexmarkHub.app/LexmarkHub";
			};
			name = Release;
		};
		1BE8556D1D6C703500BEAE45 /* Debug */ = {
			isa = XCBuildConfiguration;
			baseConfigurationReference = 586848E8E6D2FB7A7525C535 /* Pods-LexmarkHubUITests.debug.xcconfig */;
			buildSettings = {
				INFOPLIST_FILE = LexmarkHubUITests/Info.plist;
				LD_RUNPATH_SEARCH_PATHS = "$(inherited) @executable_path/Frameworks @loader_path/Frameworks";
				PRODUCT_BUNDLE_IDENTIFIER = com.kofax.LexmarkHubUITests;
				PRODUCT_NAME = "$(TARGET_NAME)";
				TEST_TARGET_NAME = LexmarkHub;
			};
			name = Debug;
		};
		1BE8556E1D6C703500BEAE45 /* Release */ = {
			isa = XCBuildConfiguration;
			baseConfigurationReference = 3CDDACF7080A8B0B729520D4 /* Pods-LexmarkHubUITests.release.xcconfig */;
			buildSettings = {
				INFOPLIST_FILE = LexmarkHubUITests/Info.plist;
				LD_RUNPATH_SEARCH_PATHS = "$(inherited) @executable_path/Frameworks @loader_path/Frameworks";
				PRODUCT_BUNDLE_IDENTIFIER = com.kofax.LexmarkHubUITests;
				PRODUCT_NAME = "$(TARGET_NAME)";
				TEST_TARGET_NAME = LexmarkHub;
			};
			name = Release;
		};
/* End XCBuildConfiguration section */

/* Begin XCConfigurationList section */
		1BE855361D6C703400BEAE45 /* Build configuration list for PBXProject "LexmarkHub" */ = {
			isa = XCConfigurationList;
			buildConfigurations = (
				1BE855641D6C703500BEAE45 /* Debug */,
				1BE855651D6C703500BEAE45 /* Release */,
			);
			defaultConfigurationIsVisible = 0;
			defaultConfigurationName = Release;
		};
		1BE855661D6C703500BEAE45 /* Build configuration list for PBXNativeTarget "LexmarkHub" */ = {
			isa = XCConfigurationList;
			buildConfigurations = (
				1BE855671D6C703500BEAE45 /* Debug */,
				1BE855681D6C703500BEAE45 /* Release */,
			);
			defaultConfigurationIsVisible = 0;
			defaultConfigurationName = Release;
		};
		1BE855691D6C703500BEAE45 /* Build configuration list for PBXNativeTarget "LexmarkHubTests" */ = {
			isa = XCConfigurationList;
			buildConfigurations = (
				1BE8556A1D6C703500BEAE45 /* Debug */,
				1BE8556B1D6C703500BEAE45 /* Release */,
			);
			defaultConfigurationIsVisible = 0;
			defaultConfigurationName = Release;
		};
		1BE8556C1D6C703500BEAE45 /* Build configuration list for PBXNativeTarget "LexmarkHubUITests" */ = {
			isa = XCConfigurationList;
			buildConfigurations = (
				1BE8556D1D6C703500BEAE45 /* Debug */,
				1BE8556E1D6C703500BEAE45 /* Release */,
			);
			defaultConfigurationIsVisible = 0;
			defaultConfigurationName = Release;
		};
/* End XCConfigurationList section */

/* Begin XCVersionGroup section */
		1BE855451D6C703500BEAE45 /* LexmarkHub.xcdatamodeld */ = {
			isa = XCVersionGroup;
			children = (
				1BE855461D6C703500BEAE45 /* LexmarkHub.xcdatamodel */,
			);
			currentVersion = 1BE855461D6C703500BEAE45 /* LexmarkHub.xcdatamodel */;
			path = LexmarkHub.xcdatamodeld;
			sourceTree = "<group>";
			versionGroupType = wrapper.xcdatamodel;
		};
/* End XCVersionGroup section */
	};
	rootObject = 1BE855331D6C703400BEAE45 /* Project object */;
}
